
Microsoft Visual Studio Solution File, Format Version 12.00
# Visual Studio Version 17
VisualStudioVersion = 17.0.32126.317
MinimumVisualStudioVersion = 10.0.40219.1
Project("{9A19103F-16F7-4668-BE54-9A1E7A4F7556}") = "UserLoginFormTest", "UserLoginFormTest\UserLoginFormTest.csproj", "{CD8592F0-4146-4CB5-BC01-AD465FD46375}"
EndProject
Project("{9A19103F-16F7-4668-BE54-9A1E7A4F7556}") = "UserLoginFormTest.UnitTests", "UserLoginFormTest.Tests\UserLoginFormTest.UnitTests.csproj", "{DA6871EA-C395-4008-AC96-AA35E49A7456}"
EndProject
Project("{9A19103F-16F7-4668-BE54-9A1E7A4F7556}") = "UserLoginFormTest.IntegrationTests", "UserLoginFormTest.IntegrationTests\UserLoginFormTest.IntegrationTests.csproj", "{0E1A47AE-8479-4B2D-AE87-FF709422FAED}"
EndProject
Global
	GlobalSection(SolutionConfigurationPlatforms) = preSolution
		Debug|Any CPU = Debug|Any CPU
		Release|Any CPU = Release|Any CPU
	EndGlobalSection
	GlobalSection(ProjectConfigurationPlatforms) = postSolution
		{CD8592F0-4146-4CB5-BC01-AD465FD46375}.Debug|Any CPU.ActiveCfg = Debug|Any CPU
		{CD8592F0-4146-4CB5-BC01-AD465FD46375}.Debug|Any CPU.Build.0 = Debug|Any CPU
		{CD8592F0-4146-4CB5-BC01-AD465FD46375}.Release|Any CPU.ActiveCfg = Release|Any CPU
		{CD8592F0-4146-4CB5-BC01-AD465FD46375}.Release|Any CPU.Build.0 = Release|Any CPU
		{DA6871EA-C395-4008-AC96-AA35E49A7456}.Debug|Any CPU.ActiveCfg = Debug|Any CPU
		{DA6871EA-C395-4008-AC96-AA35E49A7456}.Debug|Any CPU.Build.0 = Debug|Any CPU
		{DA6871EA-C395-4008-AC96-AA35E49A7456}.Release|Any CPU.ActiveCfg = Release|Any CPU
		{DA6871EA-C395-4008-AC96-AA35E49A7456}.Release|Any CPU.Build.0 = Release|Any CPU
		{0E1A47AE-8479-4B2D-AE87-FF709422FAED}.Debug|Any CPU.ActiveCfg = Debug|Any CPU
		{0E1A47AE-8479-4B2D-AE87-FF709422FAED}.Debug|Any CPU.Build.0 = Debug|Any CPU
		{0E1A47AE-8479-4B2D-AE87-FF709422FAED}.Release|Any CPU.ActiveCfg = Release|Any CPU
		{0E1A47AE-8479-4B2D-AE87-FF709422FAED}.Release|Any CPU.Build.0 = Release|Any CPU
	EndGlobalSection
	GlobalSection(SolutionProperties) = preSolution
		HideSolutionNode = FALSE
	EndGlobalSection
	GlobalSection(ExtensibilityGlobals) = postSolution
		SolutionGuid = {20BDD1AB-0F08-4B37-9B28-1F3331F8192C}
	EndGlobalSection
EndGlobal
